// !$*UTF8*$!
{
	archiveVersion = 1;
	classes = {
	};
	objectVersion = 50;
	objects = {

/* Begin PBXBuildFile section */
		361B05D7243C31BF00D14EF8 /* AppDelegate.swift in Sources */ = {isa = PBXBuildFile; fileRef = 361B05D6243C31BF00D14EF8 /* AppDelegate.swift */; };
		361B05D9243C31BF00D14EF8 /* SceneDelegate.swift in Sources */ = {isa = PBXBuildFile; fileRef = 361B05D8243C31BF00D14EF8 /* SceneDelegate.swift */; };
		361B05DB243C31BF00D14EF8 /* ViewController.swift in Sources */ = {isa = PBXBuildFile; fileRef = 361B05DA243C31BF00D14EF8 /* ViewController.swift */; };
		361B05DE243C31BF00D14EF8 /* Main.storyboard in Resources */ = {isa = PBXBuildFile; fileRef = 361B05DC243C31BF00D14EF8 /* Main.storyboard */; };
		361B05E0243C31C300D14EF8 /* Assets.xcassets in Resources */ = {isa = PBXBuildFile; fileRef = 361B05DF243C31C300D14EF8 /* Assets.xcassets */; };
		361B05E3243C31C300D14EF8 /* LaunchScreen.storyboard in Resources */ = {isa = PBXBuildFile; fileRef = 361B05E1243C31C300D14EF8 /* LaunchScreen.storyboard */; };
		361B05EB243C3E0700D14EF8 /* pokemon.csv in Resources */ = {isa = PBXBuildFile; fileRef = 361B05EA243C3E0700D14EF8 /* pokemon.csv */; };
		361B05ED243C3E3800D14EF8 /* pokeModel.swift in Sources */ = {isa = PBXBuildFile; fileRef = 361B05EC243C3E3800D14EF8 /* pokeModel.swift */; };
/* End PBXBuildFile section */

/* Begin PBXFileReference section */
		361B05D3243C31BF00D14EF8 /* Pokedex.app */ = {isa = PBXFileReference; explicitFileType = wrapper.application; includeInIndex = 0; path = Pokedex.app; sourceTree = BUILT_PRODUCTS_DIR; };
		361B05D6243C31BF00D14EF8 /* AppDelegate.swift */ = {isa = PBXFileReference; lastKnownFileType = sourcecode.swift; path = AppDelegate.swift; sourceTree = "<group>"; };
		361B05D8243C31BF00D14EF8 /* SceneDelegate.swift */ = {isa = PBXFileReference; lastKnownFileType = sourcecode.swift; path = SceneDelegate.swift; sourceTree = "<group>"; };
		361B05DA243C31BF00D14EF8 /* ViewController.swift */ = {isa = PBXFileReference; lastKnownFileType = sourcecode.swift; path = ViewController.swift; sourceTree = "<group>"; };
		361B05DD243C31BF00D14EF8 /* Base */ = {isa = PBXFileReference; lastKnownFileType = file.storyboard; name = Base; path = Base.lproj/Main.storyboard; sourceTree = "<group>"; };
		361B05DF243C31C300D14EF8 /* Assets.xcassets */ = {isa = PBXFileReference; lastKnownFileType = folder.assetcatalog; path = Assets.xcassets; sourceTree = "<group>"; };
		361B05E2243C31C300D14EF8 /* Base */ = {isa = PBXFileReference; lastKnownFileType = file.storyboard; name = Base; path = Base.lproj/LaunchScreen.storyboard; sourceTree = "<group>"; };
		361B05E4243C31C300D14EF8 /* Info.plist */ = {isa = PBXFileReference; lastKnownFileType = text.plist.xml; path = Info.plist; sourceTree = "<group>"; };
		361B05EA243C3E0700D14EF8 /* pokemon.csv */ = {isa = PBXFileReference; fileEncoding = 4; lastKnownFileType = text; path = pokemon.csv; sourceTree = "<group>"; };
		361B05EC243C3E3800D14EF8 /* pokeModel.swift */ = {isa = PBXFileReference; lastKnownFileType = sourcecode.swift; path = pokeModel.swift; sourceTree = "<group>"; };
/* End PBXFileReference section */

/* Begin PBXFrameworksBuildPhase section */
		361B05D0243C31BF00D14EF8 /* Frameworks */ = {
			isa = PBXFrameworksBuildPhase;
			buildActionMask = 2147483647;
			files = (
			);
			runOnlyForDeploymentPostprocessing = 0;
		};
/* End PBXFrameworksBuildPhase section */

/* Begin PBXGroup section */
		361B05CA243C31BF00D14EF8 = {
			isa = PBXGroup;
			children = (
				361B05D5243C31BF00D14EF8 /* Pokedex */,
				361B05D4243C31BF00D14EF8 /* Products */,
			);
			sourceTree = "<group>";
		};
		361B05D4243C31BF00D14EF8 /* Products */ = {
			isa = PBXGroup;
			children = (
				361B05D3243C31BF00D14EF8 /* Pokedex.app */,
			);
			name = Products;
			sourceTree = "<group>";
		};
		361B05D5243C31BF00D14EF8 /* Pokedex */ = {
			isa = PBXGroup;
			children = (
				361B05D6243C31BF00D14EF8 /* AppDelegate.swift */,
				361B05D8243C31BF00D14EF8 /* SceneDelegate.swift */,
				361B05EE243C3E3E00D14EF8 /* Model */,
				361B05DA243C31BF00D14EF8 /* ViewController.swift */,
				361B05DC243C31BF00D14EF8 /* Main.storyboard */,
				361B05DF243C31C300D14EF8 /* Assets.xcassets */,
				361B05EA243C3E0700D14EF8 /* pokemon.csv */,
				361B05E1243C31C300D14EF8 /* LaunchScreen.storyboard */,
				361B05E4243C31C300D14EF8 /* Info.plist */,
			);
			path = Pokedex;
			sourceTree = "<group>";
		};
		361B05EE243C3E3E00D14EF8 /* Model */ = {
			isa = PBXGroup;
			children = (
				361B05EC243C3E3800D14EF8 /* pokeModel.swift */,
			);
			path = Model;
			sourceTree = "<group>";
		};
/* End PBXGroup section */

/* Begin PBXNativeTarget section */
		361B05D2243C31BF00D14EF8 /* Pokedex */ = {
			isa = PBXNativeTarget;
			buildConfigurationList = 361B05E7243C31C300D14EF8 /* Build configuration list for PBXNativeTarget "Pokedex" */;
			buildPhases = (
				361B05CF243C31BF00D14EF8 /* Sources */,
				361B05D0243C31BF00D14EF8 /* Frameworks */,
				361B05D1243C31BF00D14EF8 /* Resources */,
			);
			buildRules = (
			);
			dependencies = (
			);
			name = Pokedex;
			productName = Pokedex;
			productReference = 361B05D3243C31BF00D14EF8 /* Pokedex.app */;
			productType = "com.apple.product-type.application";
		};
/* End PBXNativeTarget section */

/* Begin PBXProject section */
		361B05CB243C31BF00D14EF8 /* Project object */ = {
			isa = PBXProject;
			attributes = {
				LastSwiftUpdateCheck = 1140;
				LastUpgradeCheck = 1140;
				ORGANIZATIONNAME = "Nam Ngây";
				TargetAttributes = {
					361B05D2243C31BF00D14EF8 = {
						CreatedOnToolsVersion = 11.4;
					};
				};
			};
			buildConfigurationList = 361B05CE243C31BF00D14EF8 /* Build configuration list for PBXProject "Pokedex" */;
			compatibilityVersion = "Xcode 9.3";
			developmentRegion = en;
			hasScannedForEncodings = 0;
			knownRegions = (
				en,
				Base,
			);
			mainGroup = 361B05CA243C31BF00D14EF8;
			productRefGroup = 361B05D4243C31BF00D14EF8 /* Products */;
			projectDirPath = "";
			projectRoot = "";
			targets = (
				361B05D2243C31BF00D14EF8 /* Pokedex */,
			);
		};
/* End PBXProject section */

/* Begin PBXResourcesBuildPhase section */
		361B05D1243C31BF00D14EF8 /* Resources */ = {
			isa = PBXResourcesBuildPhase;
			buildActionMask = 2147483647;
			files = (
				361B05E3243C31C300D14EF8 /* LaunchScreen.storyboard in Resources */,
				361B05E0243C31C300D14EF8 /* Assets.xcassets in Resources */,
				361B05EB243C3E0700D14EF8 /* pokemon.csv in Resources */,
				361B05DE243C31BF00D14EF8 /* Main.storyboard in Resources */,
			);
			runOnlyForDeploymentPostprocessing = 0;
		};
/* End PBXResourcesBuildPhase section */

/* Begin PBXSourcesBuildPhase section */
		361B05CF243C31BF00D14EF8 /* Sources */ = {
			isa = PBXSourcesBuildPhase;
			buildActionMask = 2147483647;
			files = (
				361B05DB243C31BF00D14EF8 /* ViewController.swift in Sources */,
				361B05D7243C31BF00D14EF8 /* AppDelegate.swift in Sources */,
				361B05ED243C3E3800D14EF8 /* pokeModel.swift in Sources */,
				361B05D9243C31BF00D14EF8 /* SceneDelegate.swift in Sources */,
			);
			runOnlyForDeploymentPostprocessing = 0;
		};
/* End PBXSourcesBuildPhase section */

/* Begin PBXVariantGroup section */
		361B05DC243C31BF00D14EF8 /* Main.storyboard */ = {
			isa = PBXVariantGroup;
			children = (
				361B05DD243C31BF00D14EF8 /* Base */,
			);
			name = Main.storyboard;
			sourceTree = "<group>";
		};
		361B05E1243C31C300D14EF8 /* LaunchScreen.storyboard */ = {
			isa = PBXVariantGroup;
			children = (
				361B05E2243C31C300D14EF8 /* Base */,
			);
			name = LaunchScreen.storyboard;
			sourceTree = "<group>";
		};
/* End PBXVariantGroup section */

/* Begin XCBuildConfiguration section */
		361B05E5243C31C300D14EF8 /* Debug */ = {
			isa = XCBuildConfiguration;
			buildSettings = {
				ALWAYS_SEARCH_USER_PATHS = NO;
				CLANG_ANALYZER_NONNULL = YES;
				CLANG_ANALYZER_NUMBER_OBJECT_CONVERSION = YES_AGGRESSIVE;
				CLANG_CXX_LANGUAGE_STANDARD = "gnu++14";
				CLANG_CXX_LIBRARY = "libc++";
				CLANG_ENABLE_MODULES = YES;
				CLANG_ENABLE_OBJC_ARC = YES;
				CLANG_ENABLE_OBJC_WEAK = YES;
				CLANG_WARN_BLOCK_CAPTURE_AUTORELEASING = YES;
				CLANG_WARN_BOOL_CONVERSION = YES;
				CLANG_WARN_COMMA = YES;
				CLANG_WARN_CONSTANT_CONVERSION = YES;
				CLANG_WARN_DEPRECATED_OBJC_IMPLEMENTATIONS = YES;
				CLANG_WARN_DIRECT_OBJC_ISA_USAGE = YES_ERROR;
				CLANG_WARN_DOCUMENTATION_COMMENTS = YES;
				CLANG_WARN_EMPTY_BODY = YES;
				CLANG_WARN_ENUM_CONVERSION = YES;
				CLANG_WARN_INFINITE_RECURSION = YES;
				CLANG_WARN_INT_CONVERSION = YES;
				CLANG_WARN_NON_LITERAL_NULL_CONVERSION = YES;
				CLANG_WARN_OBJC_IMPLICIT_RETAIN_SELF = YES;
				CLANG_WARN_OBJC_LITERAL_CONVERSION = YES;
				CLANG_WARN_OBJC_ROOT_CLASS = YES_ERROR;
				CLANG_WARN_RANGE_LOOP_ANALYSIS = YES;
				CLANG_WARN_STRICT_PROTOTYPES = YES;
				CLANG_WARN_SUSPICIOUS_MOVE = YES;
				CLANG_WARN_UNGUARDED_AVAILABILITY = YES_AGGRESSIVE;
				CLANG_WARN_UNREACHABLE_CODE = YES;
				CLANG_WARN__DUPLICATE_METHOD_MATCH = YES;
				COPY_PHASE_STRIP = NO;
				DEBUG_INFORMATION_FORMAT = dwarf;
				ENABLE_STRICT_OBJC_MSGSEND = YES;
				ENABLE_TESTABILITY = YES;
				GCC_C_LANGUAGE_STANDARD = gnu11;
				GCC_DYNAMIC_NO_PIC = NO;
				GCC_NO_COMMON_BLOCKS = YES;
				GCC_OPTIMIZATION_LEVEL = 0;
				GCC_PREPROCESSOR_DEFINITIONS = (
					"DEBUG=1",
					"$(inherited)",
				);
				GCC_WARN_64_TO_32_BIT_CONVERSION = YES;
				GCC_WARN_ABOUT_RETURN_TYPE = YES_ERROR;
				GCC_WARN_UNDECLARED_SELECTOR = YES;
				GCC_WARN_UNINITIALIZED_AUTOS = YES_AGGRESSIVE;
				GCC_WARN_UNUSED_FUNCTION = YES;
				GCC_WARN_UNUSED_VARIABLE = YES;
				IPHONEOS_DEPLOYMENT_TARGET = 13.4;
				MTL_ENABLE_DEBUG_INFO = INCLUDE_SOURCE;
				MTL_FAST_MATH = YES;
				ONLY_ACTIVE_ARCH = YES;
				SDKROOT = iphoneos;
				SWIFT_ACTIVE_COMPILATION_CONDITIONS = DEBUG;
				SWIFT_OPTIMIZATION_LEVEL = "-Onone";
			};
			name = Debug;
		};
		361B05E6243C31C300D14EF8 /* Release */ = {
			isa = XCBuildConfiguration;
			buildSettings = {
				ALWAYS_SEARCH_USER_PATHS = NO;
				CLANG_ANALYZER_NONNULL = YES;
				CLANG_ANALYZER_NUMBER_OBJECT_CONVERSION = YES_AGGRESSIVE;
				CLANG_CXX_LANGUAGE_STANDARD = "gnu++14";
				CLANG_CXX_LIBRARY = "libc++";
				CLANG_ENABLE_MODULES = YES;
				CLANG_ENABLE_OBJC_ARC = YES;
				CLANG_ENABLE_OBJC_WEAK = YES;
				CLANG_WARN_BLOCK_CAPTURE_AUTORELEASING = YES;
				CLANG_WARN_BOOL_CONVERSION = YES;
				CLANG_WARN_COMMA = YES;
				CLANG_WARN_CONSTANT_CONVERSION = YES;
				CLANG_WARN_DEPRECATED_OBJC_IMPLEMENTATIONS = YES;
				CLANG_WARN_DIRECT_OBJC_ISA_USAGE = YES_ERROR;
				CLANG_WARN_DOCUMENTATION_COMMENTS = YES;
				CLANG_WARN_EMPTY_BODY = YES;
				CLANG_WARN_ENUM_CONVERSION = YES;
				CLANG_WARN_INFINITE_RECURSION = YES;
				CLANG_WARN_INT_CONVERSION = YES;
				CLANG_WARN_NON_LITERAL_NULL_CONVERSION = YES;
				CLANG_WARN_OBJC_IMPLICIT_RETAIN_SELF = YES;
				CLANG_WARN_OBJC_LITERAL_CONVERSION = YES;
				CLANG_WARN_OBJC_ROOT_CLASS = YES_ERROR;
				CLANG_WARN_RANGE_LOOP_ANALYSIS = YES;
				CLANG_WARN_STRICT_PROTOTYPES = YES;
				CLANG_WARN_SUSPICIOUS_MOVE = YES;
				CLANG_WARN_UNGUARDED_AVAILABILITY = YES_AGGRESSIVE;
				CLANG_WARN_UNREACHABLE_CODE = YES;
				CLANG_WARN__DUPLICATE_METHOD_MATCH = YES;
				COPY_PHASE_STRIP = NO;
				DEBUG_INFORMATION_FORMAT = "dwarf-with-dsym";
				ENABLE_NS_ASSERTIONS = NO;
				ENABLE_STRICT_OBJC_MSGSEND = YES;
				GCC_C_LANGUAGE_STANDARD = gnu11;
				GCC_NO_COMMON_BLOCKS = YES;
				GCC_WARN_64_TO_32_BIT_CONVERSION = YES;
				GCC_WARN_ABOUT_RETURN_TYPE = YES_ERROR;
				GCC_WARN_UNDECLARED_SELECTOR = YES;
				GCC_WARN_UNINITIALIZED_AUTOS = YES_AGGRESSIVE;
				GCC_WARN_UNUSED_FUNCTION = YES;
				GCC_WARN_UNUSED_VARIABLE = YES;
				IPHONEOS_DEPLOYMENT_TARGET = 13.4;
				MTL_ENABLE_DEBUG_INFO = NO;
				MTL_FAST_MATH = YES;
				SDKROOT = iphoneos;
				SWIFT_COMPILATION_MODE = wholemodule;
				SWIFT_OPTIMIZATION_LEVEL = "-O";
				VALIDATE_PRODUCT = YES;
			};
			name = Release;
		};
		361B05E8243C31C300D14EF8 /* Debug */ = {
			isa = XCBuildConfiguration;
			buildSettings = {
				ASSETCATALOG_COMPILER_APPICON_NAME = AppIcon;
				CODE_SIGN_STYLE = Automatic;
				DEVELOPMENT_TEAM = 3JQK33626M;
				INFOPLIST_FILE = Pokedex/Info.plist;
				LD_RUNPATH_SEARCH_PATHS = (
					"$(inherited)",
					"@executable_path/Frameworks",
				);
				PRODUCT_BUNDLE_IDENTIFIER = com.tuicoding.Pokedex;
				PRODUCT_NAME = "$(TARGET_NAME)";
				SWIFT_VERSION = 5.0;
				TARGETED_DEVICE_FAMILY = "1,2";
			};
			name = Debug;
		};
		361B05E9243C31C300D14EF8 /* Release */ = {
			isa = XCBuildConfiguration;
			buildSettings = {
				ASSETCATALOG_COMPILER_APPICON_NAME = AppIcon;
				CODE_SIGN_STYLE = Automatic;
				DEVELOPMENT_TEAM = 3JQK33626M;
				INFOPLIST_FILE = Pokedex/Info.plist;
				LD_RUNPATH_SEARCH_PATHS = (
					"$(inherited)",
					"@executable_path/Frameworks",
				);
				PRODUCT_BUNDLE_IDENTIFIER = com.tuicoding.Pokedex;
				PRODUCT_NAME = "$(TARGET_NAME)";
				SWIFT_VERSION = 5.0;
				TARGETED_DEVICE_FAMILY = "1,2";
			};
			name = Release;
		};
/* End XCBuildConfiguration section */

/* Begin XCConfigurationList section */
		361B05CE243C31BF00D14EF8 /* Build configuration list for PBXProject "Pokedex" */ = {
			isa = XCConfigurationList;
			buildConfigurations = (
				361B05E5243C31C300D14EF8 /* Debug */,
				361B05E6243C31C300D14EF8 /* Release */,
			);
			defaultConfigurationIsVisible = 0;
			defaultConfigurationName = Release;
		};
		361B05E7243C31C300D14EF8 /* Build configuration list for PBXNativeTarget "Pokedex" */ = {
			isa = XCConfigurationList;
			buildConfigurations = (
				361B05E8243C31C300D14EF8 /* Debug */,
				361B05E9243C31C300D14EF8 /* Release */,
			);
			defaultConfigurationIsVisible = 0;
			defaultConfigurationName = Release;
		};
/* End XCConfigurationList section */
	};
	rootObject = 361B05CB243C31BF00D14EF8 /* Project object */;
}
